
Microsoft Visual Studio Solution File, Format Version 12.00
# Visual Studio 15
VisualStudioVersion = 15.0.28307.168
MinimumVisualStudioVersion = 10.0.40219.1
Project("{FAE04EC0-301F-11D3-BF4B-00C04F79EFBC}") = "Bai1LapTrinhHuongDoiTuong", "Bai1LapTrinhHuongDoiTuong\Bai1LapTrinhHuongDoiTuong.csproj", "{F3FE78E4-14D8-438E-939A-CCF49B9A26A5}"
EndProject
Global
	GlobalSection(SolutionConfigurationPlatforms) = preSolution
		Debug|Any CPU = Debug|Any CPU
		Release|Any CPU = Release|Any CPU
	EndGlobalSection
	GlobalSection(ProjectConfigurationPlatforms) = postSolution
		{F3FE78E4-14D8-438E-939A-CCF49B9A26A5}.Debug|Any CPU.ActiveCfg = Debug|Any CPU
		{F3FE78E4-14D8-438E-939A-CCF49B9A26A5}.Debug|Any CPU.Build.0 = Debug|Any CPU
		{F3FE78E4-14D8-438E-939A-CCF49B9A26A5}.Release|Any CPU.ActiveCfg = Release|Any CPU
		{F3FE78E4-14D8-438E-939A-CCF49B9A26A5}.Release|Any CPU.Build.0 = Release|Any CPU
	EndGlobalSection
	GlobalSection(SolutionProperties) = preSolution
		HideSolutionNode = FALSE
	EndGlobalSection
	GlobalSection(ExtensibilityGlobals) = postSolution
		SolutionGuid = {040B9EE4-F516-4E35-9739-D7D6BCC733EA}
	EndGlobalSection
EndGlobal
